# This file is automatically @generated by Cargo.
# It is not intended for manual editing.
version = 4

[[package]]
name = "radishflow-studio"
version = "0.1.0"

[[package]]
name = "rf-canvas"
version = "0.1.0"

[[package]]
name = "rf-ffi"
version = "0.1.0"

[[package]]
name = "rf-flash"
version = "0.1.0"
dependencies = [
 "rf-model",
 "rf-thermo",
 "rf-types",
]

[[package]]
name = "rf-flowsheet"
version = "0.1.0"

[[package]]
name = "rf-model"
version = "0.1.0"
dependencies = [
 "rf-types",
]

[[package]]
name = "rf-solver"
version = "0.1.0"

[[package]]
name = "rf-store"
version = "0.1.0"

[[package]]
name = "rf-thermo"
version = "0.1.0"
dependencies = [
 "rf-types",
]

[[package]]
name = "rf-types"
version = "0.1.0"

[[package]]
name = "rf-ui"
version = "0.1.0"

[[package]]
name = "rf-unitops"
version = "0.1.0"
